
Microsoft Visual Studio Solution File, Format Version 12.00
# Visual Studio Version 17
VisualStudioVersion = 17.1.32228.430
MinimumVisualStudioVersion = 10.0.40219.1
Project("{9A19103F-16F7-4668-BE54-9A1E7A4F7556}") = "WebAPIReporte", "WebAPIReporte\WebAPIReporte.csproj", "{7B6895C6-2724-46BB-93A5-4991D53F32CA}"
EndProject
Project("{FAE04EC0-301F-11D3-BF4B-00C04F79EFBC}") = "Reportes", "Reportes\Reportes.csproj", "{DC6C22E9-8A69-4947-AB91-C5A1B9A9FC72}"
EndProject
Global
	GlobalSection(SolutionConfigurationPlatforms) = preSolution
		Debug|Any CPU = Debug|Any CPU
		Release|Any CPU = Release|Any CPU
	EndGlobalSection
	GlobalSection(ProjectConfigurationPlatforms) = postSolution
		{7B6895C6-2724-46BB-93A5-4991D53F32CA}.Debug|Any CPU.ActiveCfg = Debug|Any CPU
		{7B6895C6-2724-46BB-93A5-4991D53F32CA}.Debug|Any CPU.Build.0 = Debug|Any CPU
		{7B6895C6-2724-46BB-93A5-4991D53F32CA}.Release|Any CPU.ActiveCfg = Release|Any CPU
		{7B6895C6-2724-46BB-93A5-4991D53F32CA}.Release|Any CPU.Build.0 = Release|Any CPU
		{DC6C22E9-8A69-4947-AB91-C5A1B9A9FC72}.Debug|Any CPU.ActiveCfg = Debug|Any CPU
		{DC6C22E9-8A69-4947-AB91-C5A1B9A9FC72}.Debug|Any CPU.Build.0 = Debug|Any CPU
		{DC6C22E9-8A69-4947-AB91-C5A1B9A9FC72}.Release|Any CPU.ActiveCfg = Release|Any CPU
		{DC6C22E9-8A69-4947-AB91-C5A1B9A9FC72}.Release|Any CPU.Build.0 = Release|Any CPU
	EndGlobalSection
	GlobalSection(SolutionProperties) = preSolution
		HideSolutionNode = FALSE
	EndGlobalSection
	GlobalSection(ExtensibilityGlobals) = postSolution
		SolutionGuid = {9B1E4BC7-8CE1-493E-8536-2EBD0E466608}
	EndGlobalSection
EndGlobal
